// !$*UTF8*$!
{
	archiveVersion = 1;
	classes = {
	};
	objectVersion = 48;
	objects = {

/* Begin PBXBuildFile section */
		BD43ABB42019B12B006FA022 /* RestaurantDetailVC.swift in Sources */ = {isa = PBXBuildFile; fileRef = BD43ABB32019B12B006FA022 /* RestaurantDetailVC.swift */; };
		BD43ABB6201AC8D8006FA022 /* RestaurantCell.swift in Sources */ = {isa = PBXBuildFile; fileRef = BD43ABB5201AC8D8006FA022 /* RestaurantCell.swift */; };
		BD43ABB8201AD580006FA022 /* Extensions.swift in Sources */ = {isa = PBXBuildFile; fileRef = BD43ABB7201AD580006FA022 /* Extensions.swift */; };
		BD43ABBA201AD9F3006FA022 /* CustomImageView.swift in Sources */ = {isa = PBXBuildFile; fileRef = BD43ABB9201AD9F3006FA022 /* CustomImageView.swift */; };
		BD43ABC0201CD477006FA022 /* ReviewsMetaData.swift in Sources */ = {isa = PBXBuildFile; fileRef = BD43ABBF201CD477006FA022 /* ReviewsMetaData.swift */; };
		BD43ABC2201CD54A006FA022 /* ReviewCell.swift in Sources */ = {isa = PBXBuildFile; fileRef = BD43ABC1201CD54A006FA022 /* ReviewCell.swift */; };
		BD43ABCA201D7518006FA022 /* ZomatoChallengeTests.swift in Sources */ = {isa = PBXBuildFile; fileRef = BD43ABC9201D7518006FA022 /* ZomatoChallengeTests.swift */; };
		BDDF3E84201829640094F92E /* AppDelegate.swift in Sources */ = {isa = PBXBuildFile; fileRef = BDDF3E83201829640094F92E /* AppDelegate.swift */; };
		BDDF3E86201829640094F92E /* RestaurantVC.swift in Sources */ = {isa = PBXBuildFile; fileRef = BDDF3E85201829640094F92E /* RestaurantVC.swift */; };
		BDDF3E89201829640094F92E /* Main.storyboard in Resources */ = {isa = PBXBuildFile; fileRef = BDDF3E87201829640094F92E /* Main.storyboard */; };
		BDDF3E8B201829640094F92E /* Assets.xcassets in Resources */ = {isa = PBXBuildFile; fileRef = BDDF3E8A201829640094F92E /* Assets.xcassets */; };
		BDDF3E8E201829640094F92E /* LaunchScreen.storyboard in Resources */ = {isa = PBXBuildFile; fileRef = BDDF3E8C201829640094F92E /* LaunchScreen.storyboard */; };
		BDDF3E9620182E990094F92E /* Constants.swift in Sources */ = {isa = PBXBuildFile; fileRef = BDDF3E9520182E990094F92E /* Constants.swift */; };
		BDDF3E98201834210094F92E /* RestaurantsMetaData.swift in Sources */ = {isa = PBXBuildFile; fileRef = BDDF3E97201834210094F92E /* RestaurantsMetaData.swift */; };
/* End PBXBuildFile section */

/* Begin PBXContainerItemProxy section */
		BD43ABCC201D7518006FA022 /* PBXContainerItemProxy */ = {
			isa = PBXContainerItemProxy;
			containerPortal = BDDF3E78201829640094F92E /* Project object */;
			proxyType = 1;
			remoteGlobalIDString = BDDF3E7F201829640094F92E;
			remoteInfo = ZomatoChallenge;
		};
/* End PBXContainerItemProxy section */

/* Begin PBXFileReference section */
		BD43ABB32019B12B006FA022 /* RestaurantDetailVC.swift */ = {isa = PBXFileReference; lastKnownFileType = sourcecode.swift; path = RestaurantDetailVC.swift; sourceTree = "<group>"; };
		BD43ABB5201AC8D8006FA022 /* RestaurantCell.swift */ = {isa = PBXFileReference; lastKnownFileType = sourcecode.swift; path = RestaurantCell.swift; sourceTree = "<group>"; };
		BD43ABB7201AD580006FA022 /* Extensions.swift */ = {isa = PBXFileReference; lastKnownFileType = sourcecode.swift; path = Extensions.swift; sourceTree = "<group>"; };
		BD43ABB9201AD9F3006FA022 /* CustomImageView.swift */ = {isa = PBXFileReference; lastKnownFileType = sourcecode.swift; path = CustomImageView.swift; sourceTree = "<group>"; };
		BD43ABBF201CD477006FA022 /* ReviewsMetaData.swift */ = {isa = PBXFileReference; lastKnownFileType = sourcecode.swift; path = ReviewsMetaData.swift; sourceTree = "<group>"; };
		BD43ABC1201CD54A006FA022 /* ReviewCell.swift */ = {isa = PBXFileReference; lastKnownFileType = sourcecode.swift; path = ReviewCell.swift; sourceTree = "<group>"; };
		BD43ABC7201D7518006FA022 /* ZomatoChallengeTests.xctest */ = {isa = PBXFileReference; explicitFileType = wrapper.cfbundle; includeInIndex = 0; path = ZomatoChallengeTests.xctest; sourceTree = BUILT_PRODUCTS_DIR; };
		BD43ABC9201D7518006FA022 /* ZomatoChallengeTests.swift */ = {isa = PBXFileReference; lastKnownFileType = sourcecode.swift; path = ZomatoChallengeTests.swift; sourceTree = "<group>"; };
		BD43ABCB201D7518006FA022 /* Info.plist */ = {isa = PBXFileReference; lastKnownFileType = text.plist.xml; path = Info.plist; sourceTree = "<group>"; };
		BD43ABD1201D8323006FA022 /* MyPlayground.playground */ = {isa = PBXFileReference; lastKnownFileType = file.playground; name = MyPlayground.playground; path = ZomatoChallenge/MyPlayground.playground; sourceTree = "<group>"; xcLanguageSpecificationIdentifier = xcode.lang.swift; };
		BDDF3E80201829640094F92E /* ZomatoChallenge.app */ = {isa = PBXFileReference; explicitFileType = wrapper.application; includeInIndex = 0; path = ZomatoChallenge.app; sourceTree = BUILT_PRODUCTS_DIR; };
		BDDF3E83201829640094F92E /* AppDelegate.swift */ = {isa = PBXFileReference; lastKnownFileType = sourcecode.swift; path = AppDelegate.swift; sourceTree = "<group>"; };
		BDDF3E85201829640094F92E /* RestaurantVC.swift */ = {isa = PBXFileReference; lastKnownFileType = sourcecode.swift; path = RestaurantVC.swift; sourceTree = "<group>"; };
		BDDF3E88201829640094F92E /* Base */ = {isa = PBXFileReference; lastKnownFileType = file.storyboard; name = Base; path = Base.lproj/Main.storyboard; sourceTree = "<group>"; };
		BDDF3E8A201829640094F92E /* Assets.xcassets */ = {isa = PBXFileReference; lastKnownFileType = folder.assetcatalog; path = Assets.xcassets; sourceTree = "<group>"; };
		BDDF3E8D201829640094F92E /* Base */ = {isa = PBXFileReference; lastKnownFileType = file.storyboard; name = Base; path = Base.lproj/LaunchScreen.storyboard; sourceTree = "<group>"; };
		BDDF3E8F201829640094F92E /* Info.plist */ = {isa = PBXFileReference; lastKnownFileType = text.plist.xml; path = Info.plist; sourceTree = "<group>"; };
		BDDF3E9520182E990094F92E /* Constants.swift */ = {isa = PBXFileReference; lastKnownFileType = sourcecode.swift; path = Constants.swift; sourceTree = "<group>"; };
		BDDF3E97201834210094F92E /* RestaurantsMetaData.swift */ = {isa = PBXFileReference; lastKnownFileType = sourcecode.swift; path = RestaurantsMetaData.swift; sourceTree = "<group>"; };
/* End PBXFileReference section */

/* Begin PBXFrameworksBuildPhase section */
		BD43ABC4201D7518006FA022 /* Frameworks */ = {
			isa = PBXFrameworksBuildPhase;
			buildActionMask = 2147483647;
			files = (
			);
			runOnlyForDeploymentPostprocessing = 0;
		};
		BDDF3E7D201829640094F92E /* Frameworks */ = {
			isa = PBXFrameworksBuildPhase;
			buildActionMask = 2147483647;
			files = (
			);
			runOnlyForDeploymentPostprocessing = 0;
		};
/* End PBXFrameworksBuildPhase section */

/* Begin PBXGroup section */
		BD43ABBB201ADB73006FA022 /* Model */ = {
			isa = PBXGroup;
			children = (
				BDDF3E97201834210094F92E /* RestaurantsMetaData.swift */,
				BD43ABBF201CD477006FA022 /* ReviewsMetaData.swift */,
			);
			path = Model;
			sourceTree = "<group>";
		};
		BD43ABBC201ADB7A006FA022 /* View */ = {
			isa = PBXGroup;
			children = (
				BD43ABB9201AD9F3006FA022 /* CustomImageView.swift */,
				BD43ABB5201AC8D8006FA022 /* RestaurantCell.swift */,
				BD43ABC1201CD54A006FA022 /* ReviewCell.swift */,
				BDDF3E87201829640094F92E /* Main.storyboard */,
				BDDF3E8C201829640094F92E /* LaunchScreen.storyboard */,
			);
			path = View;
			sourceTree = "<group>";
		};
		BD43ABBD201ADB80006FA022 /* Controller */ = {
			isa = PBXGroup;
			children = (
				BD43ABB32019B12B006FA022 /* RestaurantDetailVC.swift */,
				BDDF3E85201829640094F92E /* RestaurantVC.swift */,
			);
			path = Controller;
			sourceTree = "<group>";
		};
		BD43ABBE201ADBD0006FA022 /* Utils */ = {
			isa = PBXGroup;
			children = (
				BD43ABB7201AD580006FA022 /* Extensions.swift */,
				BDDF3E9520182E990094F92E /* Constants.swift */,
			);
			path = Utils;
			sourceTree = "<group>";
		};
		BD43ABC8201D7518006FA022 /* ZomatoChallengeTests */ = {
			isa = PBXGroup;
			children = (
				BD43ABC9201D7518006FA022 /* ZomatoChallengeTests.swift */,
				BD43ABCB201D7518006FA022 /* Info.plist */,
			);
			path = ZomatoChallengeTests;
			sourceTree = "<group>";
		};
		BDDF3E77201829640094F92E = {
			isa = PBXGroup;
			children = (
				BD43ABD1201D8323006FA022 /* MyPlayground.playground */,
				BDDF3E82201829640094F92E /* ZomatoChallenge */,
				BD43ABC8201D7518006FA022 /* ZomatoChallengeTests */,
				BDDF3E81201829640094F92E /* Products */,
			);
			sourceTree = "<group>";
		};
		BDDF3E81201829640094F92E /* Products */ = {
			isa = PBXGroup;
			children = (
				BDDF3E80201829640094F92E /* ZomatoChallenge.app */,
				BD43ABC7201D7518006FA022 /* ZomatoChallengeTests.xctest */,
			);
			name = Products;
			sourceTree = "<group>";
		};
		BDDF3E82201829640094F92E /* ZomatoChallenge */ = {
			isa = PBXGroup;
			children = (
				BD43ABBB201ADB73006FA022 /* Model */,
				BD43ABBC201ADB7A006FA022 /* View */,
				BD43ABBD201ADB80006FA022 /* Controller */,
				BD43ABBE201ADBD0006FA022 /* Utils */,
				BDDF3E83201829640094F92E /* AppDelegate.swift */,
				BDDF3E8A201829640094F92E /* Assets.xcassets */,
				BDDF3E8F201829640094F92E /* Info.plist */,
			);
			path = ZomatoChallenge;
			sourceTree = "<group>";
		};
/* End PBXGroup section */

/* Begin PBXNativeTarget section */
		BD43ABC6201D7518006FA022 /* ZomatoChallengeTests */ = {
			isa = PBXNativeTarget;
			buildConfigurationList = BD43ABCE201D7518006FA022 /* Build configuration list for PBXNativeTarget "ZomatoChallengeTests" */;
			buildPhases = (
				BD43ABC3201D7518006FA022 /* Sources */,
				BD43ABC4201D7518006FA022 /* Frameworks */,
				BD43ABC5201D7518006FA022 /* Resources */,
			);
			buildRules = (
			);
			dependencies = (
				BD43ABCD201D7518006FA022 /* PBXTargetDependency */,
			);
			name = ZomatoChallengeTests;
			productName = ZomatoChallengeTests;
			productReference = BD43ABC7201D7518006FA022 /* ZomatoChallengeTests.xctest */;
			productType = "com.apple.product-type.bundle.unit-test";
		};
		BDDF3E7F201829640094F92E /* ZomatoChallenge */ = {
			isa = PBXNativeTarget;
			buildConfigurationList = BDDF3E92201829640094F92E /* Build configuration list for PBXNativeTarget "ZomatoChallenge" */;
			buildPhases = (
				BDDF3E7C201829640094F92E /* Sources */,
				BDDF3E7D201829640094F92E /* Frameworks */,
				BDDF3E7E201829640094F92E /* Resources */,
			);
			buildRules = (
			);
			dependencies = (
			);
			name = ZomatoChallenge;
			productName = ZomatoChallenge;
			productReference = BDDF3E80201829640094F92E /* ZomatoChallenge.app */;
			productType = "com.apple.product-type.application";
		};
/* End PBXNativeTarget section */

/* Begin PBXProject section */
		BDDF3E78201829640094F92E /* Project object */ = {
			isa = PBXProject;
			attributes = {
				LastSwiftUpdateCheck = 0920;
				LastUpgradeCheck = 0920;
				ORGANIZATIONNAME = com.digimarktech;
				TargetAttributes = {
					BD43ABC6201D7518006FA022 = {
						CreatedOnToolsVersion = 9.2;
						ProvisioningStyle = Automatic;
						TestTargetID = BDDF3E7F201829640094F92E;
					};
					BDDF3E7F201829640094F92E = {
						CreatedOnToolsVersion = 9.2;
						ProvisioningStyle = Automatic;
					};
				};
			};
			buildConfigurationList = BDDF3E7B201829640094F92E /* Build configuration list for PBXProject "ZomatoChallenge" */;
			compatibilityVersion = "Xcode 8.0";
			developmentRegion = en;
			hasScannedForEncodings = 0;
			knownRegions = (
				en,
				Base,
			);
			mainGroup = BDDF3E77201829640094F92E;
			productRefGroup = BDDF3E81201829640094F92E /* Products */;
			projectDirPath = "";
			projectRoot = "";
			targets = (
				BDDF3E7F201829640094F92E /* ZomatoChallenge */,
				BD43ABC6201D7518006FA022 /* ZomatoChallengeTests */,
			);
		};
/* End PBXProject section */

/* Begin PBXResourcesBuildPhase section */
		BD43ABC5201D7518006FA022 /* Resources */ = {
			isa = PBXResourcesBuildPhase;
			buildActionMask = 2147483647;
			files = (
			);
			runOnlyForDeploymentPostprocessing = 0;
		};
		BDDF3E7E201829640094F92E /* Resources */ = {
			isa = PBXResourcesBuildPhase;
			buildActionMask = 2147483647;
			files = (
				BDDF3E8E201829640094F92E /* LaunchScreen.storyboard in Resources */,
				BDDF3E8B201829640094F92E /* Assets.xcassets in Resources */,
				BDDF3E89201829640094F92E /* Main.storyboard in Resources */,
			);
			runOnlyForDeploymentPostprocessing = 0;
		};
/* End PBXResourcesBuildPhase section */

/* Begin PBXSourcesBuildPhase section */
		BD43ABC3201D7518006FA022 /* Sources */ = {
			isa = PBXSourcesBuildPhase;
			buildActionMask = 2147483647;
			files = (
				BD43ABCA201D7518006FA022 /* ZomatoChallengeTests.swift in Sources */,
			);
			runOnlyForDeploymentPostprocessing = 0;
		};
		BDDF3E7C201829640094F92E /* Sources */ = {
			isa = PBXSourcesBuildPhase;
			buildActionMask = 2147483647;
			files = (
				BD43ABB6201AC8D8006FA022 /* RestaurantCell.swift in Sources */,
				BD43ABC2201CD54A006FA022 /* ReviewCell.swift in Sources */,
				BD43ABBA201AD9F3006FA022 /* CustomImageView.swift in Sources */,
				BDDF3E98201834210094F92E /* RestaurantsMetaData.swift in Sources */,
				BD43ABC0201CD477006FA022 /* ReviewsMetaData.swift in Sources */,
				BDDF3E86201829640094F92E /* RestaurantVC.swift in Sources */,
				BDDF3E84201829640094F92E /* AppDelegate.swift in Sources */,
				BD43ABB42019B12B006FA022 /* RestaurantDetailVC.swift in Sources */,
				BDDF3E9620182E990094F92E /* Constants.swift in Sources */,
				BD43ABB8201AD580006FA022 /* Extensions.swift in Sources */,
			);
			runOnlyForDeploymentPostprocessing = 0;
		};
/* End PBXSourcesBuildPhase section */

/* Begin PBXTargetDependency section */
		BD43ABCD201D7518006FA022 /* PBXTargetDependency */ = {
			isa = PBXTargetDependency;
			target = BDDF3E7F201829640094F92E /* ZomatoChallenge */;
			targetProxy = BD43ABCC201D7518006FA022 /* PBXContainerItemProxy */;
		};
/* End PBXTargetDependency section */

/* Begin PBXVariantGroup section */
		BDDF3E87201829640094F92E /* Main.storyboard */ = {
			isa = PBXVariantGroup;
			children = (
				BDDF3E88201829640094F92E /* Base */,
			);
			name = Main.storyboard;
			sourceTree = "<group>";
		};
		BDDF3E8C201829640094F92E /* LaunchScreen.storyboard */ = {
			isa = PBXVariantGroup;
			children = (
				BDDF3E8D201829640094F92E /* Base */,
			);
			name = LaunchScreen.storyboard;
			sourceTree = "<group>";
		};
/* End PBXVariantGroup section */

/* Begin XCBuildConfiguration section */
		BD43ABCF201D7518006FA022 /* Debug */ = {
			isa = XCBuildConfiguration;
			buildSettings = {
				BUNDLE_LOADER = "$(TEST_HOST)";
				CODE_SIGN_STYLE = Automatic;
				DEVELOPMENT_TEAM = PCAUV6EZ38;
				INFOPLIST_FILE = ZomatoChallengeTests/Info.plist;
				LD_RUNPATH_SEARCH_PATHS = "$(inherited) @executable_path/Frameworks @loader_path/Frameworks";
				PRODUCT_BUNDLE_IDENTIFIER = com.digimarktech.ZomatoChallengeTests;
				PRODUCT_NAME = "$(TARGET_NAME)";
				SWIFT_VERSION = 4.0;
				TARGETED_DEVICE_FAMILY = "1,2";
				TEST_HOST = "$(BUILT_PRODUCTS_DIR)/ZomatoChallenge.app/ZomatoChallenge";
			};
			name = Debug;
		};
		BD43ABD0201D7518006FA022 /* Release */ = {
			isa = XCBuildConfiguration;
			buildSettings = {
				BUNDLE_LOADER = "$(TEST_HOST)";
				CODE_SIGN_STYLE = Automatic;
				DEVELOPMENT_TEAM = PCAUV6EZ38;
				INFOPLIST_FILE = ZomatoChallengeTests/Info.plist;
				LD_RUNPATH_SEARCH_PATHS = "$(inherited) @executable_path/Frameworks @loader_path/Frameworks";
				PRODUCT_BUNDLE_IDENTIFIER = com.digimarktech.ZomatoChallengeTests;
				PRODUCT_NAME = "$(TARGET_NAME)";
				SWIFT_VERSION = 4.0;
				TARGETED_DEVICE_FAMILY = "1,2";
				TEST_HOST = "$(BUILT_PRODUCTS_DIR)/ZomatoChallenge.app/ZomatoChallenge";
			};
			name = Release;
		};
		BDDF3E90201829640094F92E /* Debug */ = {
			isa = XCBuildConfiguration;
			buildSettings = {
				ALWAYS_SEARCH_USER_PATHS = NO;
				CLANG_ANALYZER_NONNULL = YES;
				CLANG_ANALYZER_NUMBER_OBJECT_CONVERSION = YES_AGGRESSIVE;
				CLANG_CXX_LANGUAGE_STANDARD = "gnu++14";
				CLANG_CXX_LIBRARY = "libc++";
				CLANG_ENABLE_MODULES = YES;
				CLANG_ENABLE_OBJC_ARC = YES;
				CLANG_WARN_BLOCK_CAPTURE_AUTORELEASING = YES;
				CLANG_WARN_BOOL_CONVERSION = YES;
				CLANG_WARN_COMMA = YES;
				CLANG_WARN_CONSTANT_CONVERSION = YES;
				CLANG_WARN_DIRECT_OBJC_ISA_USAGE = YES_ERROR;
				CLANG_WARN_DOCUMENTATION_COMMENTS = YES;
				CLANG_WARN_EMPTY_BODY = YES;
				CLANG_WARN_ENUM_CONVERSION = YES;
				CLANG_WARN_INFINITE_RECURSION = YES;
				CLANG_WARN_INT_CONVERSION = YES;
				CLANG_WARN_NON_LITERAL_NULL_CONVERSION = YES;
				CLANG_WARN_OBJC_LITERAL_CONVERSION = YES;
				CLANG_WARN_OBJC_ROOT_CLASS = YES_ERROR;
				CLANG_WARN_RANGE_LOOP_ANALYSIS = YES;
				CLANG_WARN_STRICT_PROTOTYPES = YES;
				CLANG_WARN_SUSPICIOUS_MOVE = YES;
				CLANG_WARN_UNGUARDED_AVAILABILITY = YES_AGGRESSIVE;
				CLANG_WARN_UNREACHABLE_CODE = YES;
				CLANG_WARN__DUPLICATE_METHOD_MATCH = YES;
				CODE_SIGN_IDENTITY = "iPhone Developer";
				COPY_PHASE_STRIP = NO;
				DEBUG_INFORMATION_FORMAT = dwarf;
				ENABLE_STRICT_OBJC_MSGSEND = YES;
				ENABLE_TESTABILITY = YES;
				GCC_C_LANGUAGE_STANDARD = gnu11;
				GCC_DYNAMIC_NO_PIC = NO;
				GCC_NO_COMMON_BLOCKS = YES;
				GCC_OPTIMIZATION_LEVEL = 0;
				GCC_PREPROCESSOR_DEFINITIONS = (
					"DEBUG=1",
					"$(inherited)",
				);
				GCC_WARN_64_TO_32_BIT_CONVERSION = YES;
				GCC_WARN_ABOUT_RETURN_TYPE = YES_ERROR;
				GCC_WARN_UNDECLARED_SELECTOR = YES;
				GCC_WARN_UNINITIALIZED_AUTOS = YES_AGGRESSIVE;
				GCC_WARN_UNUSED_FUNCTION = YES;
				GCC_WARN_UNUSED_VARIABLE = YES;
				IPHONEOS_DEPLOYMENT_TARGET = 11.2;
				MTL_ENABLE_DEBUG_INFO = YES;
				ONLY_ACTIVE_ARCH = YES;
				SDKROOT = iphoneos;
				SWIFT_ACTIVE_COMPILATION_CONDITIONS = DEBUG;
				SWIFT_OPTIMIZATION_LEVEL = "-Onone";
			};
			name = Debug;
		};
		BDDF3E91201829640094F92E /* Release */ = {
			isa = XCBuildConfiguration;
			buildSettings = {
				ALWAYS_SEARCH_USER_PATHS = NO;
				CLANG_ANALYZER_NONNULL = YES;
				CLANG_ANALYZER_NUMBER_OBJECT_CONVERSION = YES_AGGRESSIVE;
				CLANG_CXX_LANGUAGE_STANDARD = "gnu++14";
				CLANG_CXX_LIBRARY = "libc++";
				CLANG_ENABLE_MODULES = YES;
				CLANG_ENABLE_OBJC_ARC = YES;
				CLANG_WARN_BLOCK_CAPTURE_AUTORELEASING = YES;
				CLANG_WARN_BOOL_CONVERSION = YES;
				CLANG_WARN_COMMA = YES;
				CLANG_WARN_CONSTANT_CONVERSION = YES;
				CLANG_WARN_DIRECT_OBJC_ISA_USAGE = YES_ERROR;
				CLANG_WARN_DOCUMENTATION_COMMENTS = YES;
				CLANG_WARN_EMPTY_BODY = YES;
				CLANG_WARN_ENUM_CONVERSION = YES;
				CLANG_WARN_INFINITE_RECURSION = YES;
				CLANG_WARN_INT_CONVERSION = YES;
				CLANG_WARN_NON_LITERAL_NULL_CONVERSION = YES;
				CLANG_WARN_OBJC_LITERAL_CONVERSION = YES;
				CLANG_WARN_OBJC_ROOT_CLASS = YES_ERROR;
				CLANG_WARN_RANGE_LOOP_ANALYSIS = YES;
				CLANG_WARN_STRICT_PROTOTYPES = YES;
				CLANG_WARN_SUSPICIOUS_MOVE = YES;
				CLANG_WARN_UNGUARDED_AVAILABILITY = YES_AGGRESSIVE;
				CLANG_WARN_UNREACHABLE_CODE = YES;
				CLANG_WARN__DUPLICATE_METHOD_MATCH = YES;
				CODE_SIGN_IDENTITY = "iPhone Developer";
				COPY_PHASE_STRIP = NO;
				DEBUG_INFORMATION_FORMAT = "dwarf-with-dsym";
				ENABLE_NS_ASSERTIONS = NO;
				ENABLE_STRICT_OBJC_MSGSEND = YES;
				GCC_C_LANGUAGE_STANDARD = gnu11;
				GCC_NO_COMMON_BLOCKS = YES;
				GCC_WARN_64_TO_32_BIT_CONVERSION = YES;
				GCC_WARN_ABOUT_RETURN_TYPE = YES_ERROR;
				GCC_WARN_UNDECLARED_SELECTOR = YES;
				GCC_WARN_UNINITIALIZED_AUTOS = YES_AGGRESSIVE;
				GCC_WARN_UNUSED_FUNCTION = YES;
				GCC_WARN_UNUSED_VARIABLE = YES;
				IPHONEOS_DEPLOYMENT_TARGET = 11.2;
				MTL_ENABLE_DEBUG_INFO = NO;
				SDKROOT = iphoneos;
				SWIFT_OPTIMIZATION_LEVEL = "-Owholemodule";
				VALIDATE_PRODUCT = YES;
			};
			name = Release;
		};
		BDDF3E93201829640094F92E /* Debug */ = {
			isa = XCBuildConfiguration;
			buildSettings = {
				ASSETCATALOG_COMPILER_APPICON_NAME = AppIcon;
				CODE_SIGN_STYLE = Automatic;
				DEVELOPMENT_TEAM = PCAUV6EZ38;
				INFOPLIST_FILE = ZomatoChallenge/Info.plist;
				LD_RUNPATH_SEARCH_PATHS = "$(inherited) @executable_path/Frameworks";
				PRODUCT_BUNDLE_IDENTIFIER = com.digimarktech.ZomatoChallenge;
				PRODUCT_NAME = "$(TARGET_NAME)";
				SWIFT_VERSION = 4.0;
				TARGETED_DEVICE_FAMILY = "1,2";
			};
			name = Debug;
		};
		BDDF3E94201829640094F92E /* Release */ = {
			isa = XCBuildConfiguration;
			buildSettings = {
				ASSETCATALOG_COMPILER_APPICON_NAME = AppIcon;
				CODE_SIGN_STYLE = Automatic;
				DEVELOPMENT_TEAM = PCAUV6EZ38;
				INFOPLIST_FILE = ZomatoChallenge/Info.plist;
				LD_RUNPATH_SEARCH_PATHS = "$(inherited) @executable_path/Frameworks";
				PRODUCT_BUNDLE_IDENTIFIER = com.digimarktech.ZomatoChallenge;
				PRODUCT_NAME = "$(TARGET_NAME)";
				SWIFT_VERSION = 4.0;
				TARGETED_DEVICE_FAMILY = "1,2";
			};
			name = Release;
		};
/* End XCBuildConfiguration section */

/* Begin XCConfigurationList section */
		BD43ABCE201D7518006FA022 /* Build configuration list for PBXNativeTarget "ZomatoChallengeTests" */ = {
			isa = XCConfigurationList;
			buildConfigurations = (
				BD43ABCF201D7518006FA022 /* Debug */,
				BD43ABD0201D7518006FA022 /* Release */,
			);
			defaultConfigurationIsVisible = 0;
			defaultConfigurationName = Release;
		};
		BDDF3E7B201829640094F92E /* Build configuration list for PBXProject "ZomatoChallenge" */ = {
			isa = XCConfigurationList;
			buildConfigurations = (
				BDDF3E90201829640094F92E /* Debug */,
				BDDF3E91201829640094F92E /* Release */,
			);
			defaultConfigurationIsVisible = 0;
			defaultConfigurationName = Release;
		};
		BDDF3E92201829640094F92E /* Build configuration list for PBXNativeTarget "ZomatoChallenge" */ = {
			isa = XCConfigurationList;
			buildConfigurations = (
				BDDF3E93201829640094F92E /* Debug */,
				BDDF3E94201829640094F92E /* Release */,
			);
			defaultConfigurationIsVisible = 0;
			defaultConfigurationName = Release;
		};
/* End XCConfigurationList section */
	};
	rootObject = BDDF3E78201829640094F92E /* Project object */;
}
